// !$*UTF8*$!
{
	archiveVersion = 1;
	classes = {
	};
	objectVersion = 55;
	objects = {

/* Begin PBXBuildFile section */
		EA60AA3A28AA3F360012DBD7 /* learn_SwiftUI_VaporApp.swift in Sources */ = {isa = PBXBuildFile; fileRef = EA60AA3928AA3F360012DBD7 /* learn_SwiftUI_VaporApp.swift */; };
		EA60AA3C28AA3F360012DBD7 /* ContentView.swift in Sources */ = {isa = PBXBuildFile; fileRef = EA60AA3B28AA3F360012DBD7 /* ContentView.swift */; };
		EA60AA3E28AA3F3C0012DBD7 /* Assets.xcassets in Resources */ = {isa = PBXBuildFile; fileRef = EA60AA3D28AA3F3C0012DBD7 /* Assets.xcassets */; };
		EA60AA4128AA3F3C0012DBD7 /* Preview Assets.xcassets in Resources */ = {isa = PBXBuildFile; fileRef = EA60AA4028AA3F3C0012DBD7 /* Preview Assets.xcassets */; };
		EA60AA4828AB71660012DBD7 /* Styles.swift in Sources */ = {isa = PBXBuildFile; fileRef = EA60AA4728AB71660012DBD7 /* Styles.swift */; };
		EA60AA4C28B35A380012DBD7 /* PersonStyle.swift in Sources */ = {isa = PBXBuildFile; fileRef = EA60AA4B28B35A380012DBD7 /* PersonStyle.swift */; };
		EA60AA4E28B3680F0012DBD7 /* PersonText.swift in Sources */ = {isa = PBXBuildFile; fileRef = EA60AA4D28B3680F0012DBD7 /* PersonText.swift */; };
/* End PBXBuildFile section */

/* Begin PBXFileReference section */
		EA60AA3628AA3F360012DBD7 /* learn-SwiftUI-Vapor.app */ = {isa = PBXFileReference; explicitFileType = wrapper.application; includeInIndex = 0; path = "learn-SwiftUI-Vapor.app"; sourceTree = BUILT_PRODUCTS_DIR; };
		EA60AA3928AA3F360012DBD7 /* learn_SwiftUI_VaporApp.swift */ = {isa = PBXFileReference; lastKnownFileType = sourcecode.swift; path = learn_SwiftUI_VaporApp.swift; sourceTree = "<group>"; };
		EA60AA3B28AA3F360012DBD7 /* ContentView.swift */ = {isa = PBXFileReference; lastKnownFileType = sourcecode.swift; path = ContentView.swift; sourceTree = "<group>"; };
		EA60AA3D28AA3F3C0012DBD7 /* Assets.xcassets */ = {isa = PBXFileReference; lastKnownFileType = folder.assetcatalog; path = Assets.xcassets; sourceTree = "<group>"; };
		EA60AA4028AA3F3C0012DBD7 /* Preview Assets.xcassets */ = {isa = PBXFileReference; lastKnownFileType = folder.assetcatalog; path = "Preview Assets.xcassets"; sourceTree = "<group>"; };
		EA60AA4728AB71660012DBD7 /* Styles.swift */ = {isa = PBXFileReference; lastKnownFileType = sourcecode.swift; path = Styles.swift; sourceTree = "<group>"; };
		EA60AA4B28B35A380012DBD7 /* PersonStyle.swift */ = {isa = PBXFileReference; lastKnownFileType = sourcecode.swift; path = PersonStyle.swift; sourceTree = "<group>"; };
		EA60AA4D28B3680F0012DBD7 /* PersonText.swift */ = {isa = PBXFileReference; lastKnownFileType = sourcecode.swift; path = PersonText.swift; sourceTree = "<group>"; };
/* End PBXFileReference section */

/* Begin PBXFrameworksBuildPhase section */
		EA60AA3328AA3F360012DBD7 /* Frameworks */ = {
			isa = PBXFrameworksBuildPhase;
			buildActionMask = 2147483647;
			files = (
			);
			runOnlyForDeploymentPostprocessing = 0;
		};
/* End PBXFrameworksBuildPhase section */

/* Begin PBXGroup section */
		EA60AA2D28AA3F360012DBD7 = {
			isa = PBXGroup;
			children = (
				EA60AA3828AA3F360012DBD7 /* learn-SwiftUI-Vapor */,
				EA60AA3728AA3F360012DBD7 /* Products */,
			);
			sourceTree = "<group>";
		};
		EA60AA3728AA3F360012DBD7 /* Products */ = {
			isa = PBXGroup;
			children = (
				EA60AA3628AA3F360012DBD7 /* learn-SwiftUI-Vapor.app */,
			);
			name = Products;
			sourceTree = "<group>";
		};
		EA60AA3828AA3F360012DBD7 /* learn-SwiftUI-Vapor */ = {
			isa = PBXGroup;
			children = (
				EA60AA3928AA3F360012DBD7 /* learn_SwiftUI_VaporApp.swift */,
				EA60AA3B28AA3F360012DBD7 /* ContentView.swift */,
				EA60AA4D28B3680F0012DBD7 /* PersonText.swift */,
				EA60AA4728AB71660012DBD7 /* Styles.swift */,
				EA60AA4B28B35A380012DBD7 /* PersonStyle.swift */,
				EA60AA3D28AA3F3C0012DBD7 /* Assets.xcassets */,
				EA60AA3F28AA3F3C0012DBD7 /* Preview Content */,
			);
			path = "learn-SwiftUI-Vapor";
			sourceTree = "<group>";
		};
		EA60AA3F28AA3F3C0012DBD7 /* Preview Content */ = {
			isa = PBXGroup;
			children = (
				EA60AA4028AA3F3C0012DBD7 /* Preview Assets.xcassets */,
			);
			path = "Preview Content";
			sourceTree = "<group>";
		};
/* End PBXGroup section */

/* Begin PBXNativeTarget section */
		EA60AA3528AA3F360012DBD7 /* learn-SwiftUI-Vapor */ = {
			isa = PBXNativeTarget;
			buildConfigurationList = EA60AA4428AA3F3C0012DBD7 /* Build configuration list for PBXNativeTarget "learn-SwiftUI-Vapor" */;
			buildPhases = (
				EA60AA3228AA3F360012DBD7 /* Sources */,
				EA60AA3328AA3F360012DBD7 /* Frameworks */,
				EA60AA3428AA3F360012DBD7 /* Resources */,
			);
			buildRules = (
			);
			dependencies = (
			);
			name = "learn-SwiftUI-Vapor";
			productName = "learn-SwiftUI-Vapor";
			productReference = EA60AA3628AA3F360012DBD7 /* learn-SwiftUI-Vapor.app */;
			productType = "com.apple.product-type.application";
		};
/* End PBXNativeTarget section */

/* Begin PBXProject section */
		EA60AA2E28AA3F360012DBD7 /* Project object */ = {
			isa = PBXProject;
			attributes = {
				BuildIndependentTargetsInParallel = 1;
				LastSwiftUpdateCheck = 1320;
				LastUpgradeCheck = 1320;
				TargetAttributes = {
					EA60AA3528AA3F360012DBD7 = {
						CreatedOnToolsVersion = 13.2.1;
					};
				};
			};
			buildConfigurationList = EA60AA3128AA3F360012DBD7 /* Build configuration list for PBXProject "learn-SwiftUI-Vapor" */;
			compatibilityVersion = "Xcode 13.0";
			developmentRegion = en;
			hasScannedForEncodings = 0;
			knownRegions = (
				en,
				Base,
			);
			mainGroup = EA60AA2D28AA3F360012DBD7;
			productRefGroup = EA60AA3728AA3F360012DBD7 /* Products */;
			projectDirPath = "";
			projectRoot = "";
			targets = (
				EA60AA3528AA3F360012DBD7 /* learn-SwiftUI-Vapor */,
			);
		};
/* End PBXProject section */

/* Begin PBXResourcesBuildPhase section */
		EA60AA3428AA3F360012DBD7 /* Resources */ = {
			isa = PBXResourcesBuildPhase;
			buildActionMask = 2147483647;
			files = (
				EA60AA4128AA3F3C0012DBD7 /* Preview Assets.xcassets in Resources */,
				EA60AA3E28AA3F3C0012DBD7 /* Assets.xcassets in Resources */,
			);
			runOnlyForDeploymentPostprocessing = 0;
		};
/* End PBXResourcesBuildPhase section */

/* Begin PBXSourcesBuildPhase section */
		EA60AA3228AA3F360012DBD7 /* Sources */ = {
			isa = PBXSourcesBuildPhase;
			buildActionMask = 2147483647;
			files = (
				EA60AA4C28B35A380012DBD7 /* PersonStyle.swift in Sources */,
				EA60AA4828AB71660012DBD7 /* Styles.swift in Sources */,
				EA60AA3C28AA3F360012DBD7 /* ContentView.swift in Sources */,
				EA60AA4E28B3680F0012DBD7 /* PersonText.swift in Sources */,
				EA60AA3A28AA3F360012DBD7 /* learn_SwiftUI_VaporApp.swift in Sources */,
			);
			runOnlyForDeploymentPostprocessing = 0;
		};
/* End PBXSourcesBuildPhase section */

/* Begin XCBuildConfiguration section */
		EA60AA4228AA3F3C0012DBD7 /* Debug */ = {
			isa = XCBuildConfiguration;
			buildSettings = {
				ALWAYS_SEARCH_USER_PATHS = NO;
				CLANG_ANALYZER_NONNULL = YES;
				CLANG_ANALYZER_NUMBER_OBJECT_CONVERSION = YES_AGGRESSIVE;
				CLANG_CXX_LANGUAGE_STANDARD = "gnu++17";
				CLANG_CXX_LIBRARY = "libc++";
				CLANG_ENABLE_MODULES = YES;
				CLANG_ENABLE_OBJC_ARC = YES;
				CLANG_ENABLE_OBJC_WEAK = YES;
				CLANG_WARN_BLOCK_CAPTURE_AUTORELEASING = YES;
				CLANG_WARN_BOOL_CONVERSION = YES;
				CLANG_WARN_COMMA = YES;
				CLANG_WARN_CONSTANT_CONVERSION = YES;
				CLANG_WARN_DEPRECATED_OBJC_IMPLEMENTATIONS = YES;
				CLANG_WARN_DIRECT_OBJC_ISA_USAGE = YES_ERROR;
				CLANG_WARN_DOCUMENTATION_COMMENTS = YES;
				CLANG_WARN_EMPTY_BODY = YES;
				CLANG_WARN_ENUM_CONVERSION = YES;
				CLANG_WARN_INFINITE_RECURSION = YES;
				CLANG_WARN_INT_CONVERSION = YES;
				CLANG_WARN_NON_LITERAL_NULL_CONVERSION = YES;
				CLANG_WARN_OBJC_IMPLICIT_RETAIN_SELF = YES;
				CLANG_WARN_OBJC_LITERAL_CONVERSION = YES;
				CLANG_WARN_OBJC_ROOT_CLASS = YES_ERROR;
				CLANG_WARN_QUOTED_INCLUDE_IN_FRAMEWORK_HEADER = YES;
				CLANG_WARN_RANGE_LOOP_ANALYSIS = YES;
				CLANG_WARN_STRICT_PROTOTYPES = YES;
				CLANG_WARN_SUSPICIOUS_MOVE = YES;
				CLANG_WARN_UNGUARDED_AVAILABILITY = YES_AGGRESSIVE;
				CLANG_WARN_UNREACHABLE_CODE = YES;
				CLANG_WARN__DUPLICATE_METHOD_MATCH = YES;
				COPY_PHASE_STRIP = NO;
				DEBUG_INFORMATION_FORMAT = dwarf;
				ENABLE_STRICT_OBJC_MSGSEND = YES;
				ENABLE_TESTABILITY = YES;
				GCC_C_LANGUAGE_STANDARD = gnu11;
				GCC_DYNAMIC_NO_PIC = NO;
				GCC_NO_COMMON_BLOCKS = YES;
				GCC_OPTIMIZATION_LEVEL = 0;
				GCC_PREPROCESSOR_DEFINITIONS = (
					"DEBUG=1",
					"$(inherited)",
				);
				GCC_WARN_64_TO_32_BIT_CONVERSION = YES;
				GCC_WARN_ABOUT_RETURN_TYPE = YES_ERROR;
				GCC_WARN_UNDECLARED_SELECTOR = YES;
				GCC_WARN_UNINITIALIZED_AUTOS = YES_AGGRESSIVE;
				GCC_WARN_UNUSED_FUNCTION = YES;
				GCC_WARN_UNUSED_VARIABLE = YES;
				IPHONEOS_DEPLOYMENT_TARGET = 15.2;
				MTL_ENABLE_DEBUG_INFO = INCLUDE_SOURCE;
				MTL_FAST_MATH = YES;
				ONLY_ACTIVE_ARCH = YES;
				SDKROOT = iphoneos;
				SWIFT_ACTIVE_COMPILATION_CONDITIONS = DEBUG;
				SWIFT_OPTIMIZATION_LEVEL = "-Onone";
			};
			name = Debug;
		};
		EA60AA4328AA3F3C0012DBD7 /* Release */ = {
			isa = XCBuildConfiguration;
			buildSettings = {
				ALWAYS_SEARCH_USER_PATHS = NO;
				CLANG_ANALYZER_NONNULL = YES;
				CLANG_ANALYZER_NUMBER_OBJECT_CONVERSION = YES_AGGRESSIVE;
				CLANG_CXX_LANGUAGE_STANDARD = "gnu++17";
				CLANG_CXX_LIBRARY = "libc++";
				CLANG_ENABLE_MODULES = YES;
				CLANG_ENABLE_OBJC_ARC = YES;
				CLANG_ENABLE_OBJC_WEAK = YES;
				CLANG_WARN_BLOCK_CAPTURE_AUTORELEASING = YES;
				CLANG_WARN_BOOL_CONVERSION = YES;
				CLANG_WARN_COMMA = YES;
				CLANG_WARN_CONSTANT_CONVERSION = YES;
				CLANG_WARN_DEPRECATED_OBJC_IMPLEMENTATIONS = YES;
				CLANG_WARN_DIRECT_OBJC_ISA_USAGE = YES_ERROR;
				CLANG_WARN_DOCUMENTATION_COMMENTS = YES;
				CLANG_WARN_EMPTY_BODY = YES;
				CLANG_WARN_ENUM_CONVERSION = YES;
				CLANG_WARN_INFINITE_RECURSION = YES;
				CLANG_WARN_INT_CONVERSION = YES;
				CLANG_WARN_NON_LITERAL_NULL_CONVERSION = YES;
				CLANG_WARN_OBJC_IMPLICIT_RETAIN_SELF = YES;
				CLANG_WARN_OBJC_LITERAL_CONVERSION = YES;
				CLANG_WARN_OBJC_ROOT_CLASS = YES_ERROR;
				CLANG_WARN_QUOTED_INCLUDE_IN_FRAMEWORK_HEADER = YES;
				CLANG_WARN_RANGE_LOOP_ANALYSIS = YES;
				CLANG_WARN_STRICT_PROTOTYPES = YES;
				CLANG_WARN_SUSPICIOUS_MOVE = YES;
				CLANG_WARN_UNGUARDED_AVAILABILITY = YES_AGGRESSIVE;
				CLANG_WARN_UNREACHABLE_CODE = YES;
				CLANG_WARN__DUPLICATE_METHOD_MATCH = YES;
				COPY_PHASE_STRIP = NO;
				DEBUG_INFORMATION_FORMAT = "dwarf-with-dsym";
				ENABLE_NS_ASSERTIONS = NO;
				ENABLE_STRICT_OBJC_MSGSEND = YES;
				GCC_C_LANGUAGE_STANDARD = gnu11;
				GCC_NO_COMMON_BLOCKS = YES;
				GCC_WARN_64_TO_32_BIT_CONVERSION = YES;
				GCC_WARN_ABOUT_RETURN_TYPE = YES_ERROR;
				GCC_WARN_UNDECLARED_SELECTOR = YES;
				GCC_WARN_UNINITIALIZED_AUTOS = YES_AGGRESSIVE;
				GCC_WARN_UNUSED_FUNCTION = YES;
				GCC_WARN_UNUSED_VARIABLE = YES;
				IPHONEOS_DEPLOYMENT_TARGET = 15.2;
				MTL_ENABLE_DEBUG_INFO = NO;
				MTL_FAST_MATH = YES;
				SDKROOT = iphoneos;
				SWIFT_COMPILATION_MODE = wholemodule;
				SWIFT_OPTIMIZATION_LEVEL = "-O";
				VALIDATE_PRODUCT = YES;
			};
			name = Release;
		};
		EA60AA4528AA3F3C0012DBD7 /* Debug */ = {
			isa = XCBuildConfiguration;
			buildSettings = {
				ASSETCATALOG_COMPILER_APPICON_NAME = AppIcon;
				ASSETCATALOG_COMPILER_GLOBAL_ACCENT_COLOR_NAME = AccentColor;
				CODE_SIGN_STYLE = Automatic;
				CURRENT_PROJECT_VERSION = 1;
				DEVELOPMENT_ASSET_PATHS = "\"learn-SwiftUI-Vapor/Preview Content\"";
				DEVELOPMENT_TEAM = VKUPTBL6XB;
				ENABLE_PREVIEWS = YES;
				GENERATE_INFOPLIST_FILE = YES;
				INFOPLIST_KEY_UIApplicationSceneManifest_Generation = YES;
				INFOPLIST_KEY_UIApplicationSupportsIndirectInputEvents = YES;
				INFOPLIST_KEY_UILaunchScreen_Generation = YES;
				INFOPLIST_KEY_UISupportedInterfaceOrientations_iPad = "UIInterfaceOrientationPortrait UIInterfaceOrientationPortraitUpsideDown UIInterfaceOrientationLandscapeLeft UIInterfaceOrientationLandscapeRight";
				INFOPLIST_KEY_UISupportedInterfaceOrientations_iPhone = "UIInterfaceOrientationPortrait UIInterfaceOrientationLandscapeLeft UIInterfaceOrientationLandscapeRight";
				IPHONEOS_DEPLOYMENT_TARGET = 15.2;
				LD_RUNPATH_SEARCH_PATHS = (
					"$(inherited)",
					"@executable_path/Frameworks",
				);
				MARKETING_VERSION = 1.0;
				PRODUCT_BUNDLE_IDENTIFIER = "com.sinduke.learn-SwiftUI-Vapor";
				PRODUCT_NAME = "$(TARGET_NAME)";
				SWIFT_EMIT_LOC_STRINGS = YES;
				SWIFT_VERSION = 5.0;
				TARGETED_DEVICE_FAMILY = "1,2";
			};
			name = Debug;
		};
		EA60AA4628AA3F3C0012DBD7 /* Release */ = {
			isa = XCBuildConfiguration;
			buildSettings = {
				ASSETCATALOG_COMPILER_APPICON_NAME = AppIcon;
				ASSETCATALOG_COMPILER_GLOBAL_ACCENT_COLOR_NAME = AccentColor;
				CODE_SIGN_STYLE = Automatic;
				CURRENT_PROJECT_VERSION = 1;
				DEVELOPMENT_ASSET_PATHS = "\"learn-SwiftUI-Vapor/Preview Content\"";
				DEVELOPMENT_TEAM = VKUPTBL6XB;
				ENABLE_PREVIEWS = YES;
				GENERATE_INFOPLIST_FILE = YES;
				INFOPLIST_KEY_UIApplicationSceneManifest_Generation = YES;
				INFOPLIST_KEY_UIApplicationSupportsIndirectInputEvents = YES;
				INFOPLIST_KEY_UILaunchScreen_Generation = YES;
				INFOPLIST_KEY_UISupportedInterfaceOrientations_iPad = "UIInterfaceOrientationPortrait UIInterfaceOrientationPortraitUpsideDown UIInterfaceOrientationLandscapeLeft UIInterfaceOrientationLandscapeRight";
				INFOPLIST_KEY_UISupportedInterfaceOrientations_iPhone = "UIInterfaceOrientationPortrait UIInterfaceOrientationLandscapeLeft UIInterfaceOrientationLandscapeRight";
				IPHONEOS_DEPLOYMENT_TARGET = 15.2;
				LD_RUNPATH_SEARCH_PATHS = (
					"$(inherited)",
					"@executable_path/Frameworks",
				);
				MARKETING_VERSION = 1.0;
				PRODUCT_BUNDLE_IDENTIFIER = "com.sinduke.learn-SwiftUI-Vapor";
				PRODUCT_NAME = "$(TARGET_NAME)";
				SWIFT_EMIT_LOC_STRINGS = YES;
				SWIFT_VERSION = 5.0;
				TARGETED_DEVICE_FAMILY = "1,2";
			};
			name = Release;
		};
/* End XCBuildConfiguration section */

/* Begin XCConfigurationList section */
		EA60AA3128AA3F360012DBD7 /* Build configuration list for PBXProject "learn-SwiftUI-Vapor" */ = {
			isa = XCConfigurationList;
			buildConfigurations = (
				EA60AA4228AA3F3C0012DBD7 /* Debug */,
				EA60AA4328AA3F3C0012DBD7 /* Release */,
			);
			defaultConfigurationIsVisible = 0;
			defaultConfigurationName = Release;
		};
		EA60AA4428AA3F3C0012DBD7 /* Build configuration list for PBXNativeTarget "learn-SwiftUI-Vapor" */ = {
			isa = XCConfigurationList;
			buildConfigurations = (
				EA60AA4528AA3F3C0012DBD7 /* Debug */,
				EA60AA4628AA3F3C0012DBD7 /* Release */,
			);
			defaultConfigurationIsVisible = 0;
			defaultConfigurationName = Release;
		};
/* End XCConfigurationList section */
	};
	rootObject = EA60AA2E28AA3F360012DBD7 /* Project object */;
}
